
Microsoft Visual Studio Solution File, Format Version 12.00
# Visual Studio Version 16
VisualStudioVersion = 16.0.31205.134
MinimumVisualStudioVersion = 10.0.40219.1
Project("{FAE04EC0-301F-11D3-BF4B-00C04F79EFBC}") = "Racing2020Visual", "Racing2020Visual\Racing2020Visual.csproj", "{B58C9FA6-EA5A-40A6-B11B-D2CF1E2FB48B}"
EndProject
Global
	GlobalSection(SolutionConfigurationPlatforms) = preSolution
		Debug|Any CPU = Debug|Any CPU
		Release|Any CPU = Release|Any CPU
	EndGlobalSection
	GlobalSection(ProjectConfigurationPlatforms) = postSolution
		{B58C9FA6-EA5A-40A6-B11B-D2CF1E2FB48B}.Debug|Any CPU.ActiveCfg = Debug|Any CPU
		{B58C9FA6-EA5A-40A6-B11B-D2CF1E2FB48B}.Debug|Any CPU.Build.0 = Debug|Any CPU
		{B58C9FA6-EA5A-40A6-B11B-D2CF1E2FB48B}.Release|Any CPU.ActiveCfg = Release|Any CPU
		{B58C9FA6-EA5A-40A6-B11B-D2CF1E2FB48B}.Release|Any CPU.Build.0 = Release|Any CPU
	EndGlobalSection
	GlobalSection(SolutionProperties) = preSolution
		HideSolutionNode = FALSE
	EndGlobalSection
	GlobalSection(ExtensibilityGlobals) = postSolution
		SolutionGuid = {89922ECE-77F9-4A25-927F-4530B03B3B36}
	EndGlobalSection
EndGlobal
